// !$*UTF8*$!
{
	archiveVersion = 1;
	classes = {
	};
	objectVersion = 46;
	objects = {

/* Begin PBXBuildFile section */
		5035DDCE1C32075000850EEB /* Camera.cpp in Sources */ = {isa = PBXBuildFile; fileRef = 5035DDCC1C32075000850EEB /* Camera.cpp */; };
		5035DDD21C32276300850EEB /* Geometry.cpp in Sources */ = {isa = PBXBuildFile; fileRef = 5035DDD01C32276300850EEB /* Geometry.cpp */; };
		507CEDF01BAC970C00D644F7 /* main.cpp in Sources */ = {isa = PBXBuildFile; fileRef = 507CEDEF1BAC970C00D644F7 /* main.cpp */; };
		507CEDF91BAC987700D644F7 /* OpenGL.framework in Frameworks */ = {isa = PBXBuildFile; fileRef = 507CEDF81BAC987700D644F7 /* OpenGL.framework */; };
		507CEDFB1BAC987F00D644F7 /* OpenCL.framework in Frameworks */ = {isa = PBXBuildFile; fileRef = 507CEDFA1BAC987F00D644F7 /* OpenCL.framework */; };
		507CEDFE1BAC9AAB00D644F7 /* Window.cpp in Sources */ = {isa = PBXBuildFile; fileRef = 507CEDFC1BAC9AAB00D644F7 /* Window.cpp */; };
		507CEE051BACA57500D644F7 /* GLWrapper.cpp in Sources */ = {isa = PBXBuildFile; fileRef = 507CEE031BACA57500D644F7 /* GLWrapper.cpp */; };
		507CEE081BACA6B300D644F7 /* Shader.cpp in Sources */ = {isa = PBXBuildFile; fileRef = 507CEE061BACA6B300D644F7 /* Shader.cpp */; };
		507CEE0E1BACB36D00D644F7 /* Scene.cpp in Sources */ = {isa = PBXBuildFile; fileRef = 507CEE0C1BACB36D00D644F7 /* Scene.cpp */; };
		507CEE111BACB39500D644F7 /* Mesh.cpp in Sources */ = {isa = PBXBuildFile; fileRef = 507CEE0F1BACB39500D644F7 /* Mesh.cpp */; };
		507CEE151BACB9E700D644F7 /* RenderableObject.cpp in Sources */ = {isa = PBXBuildFile; fileRef = 507CEE131BACB9E700D644F7 /* RenderableObject.cpp */; };
		507CEE1A1BACC0D700D644F7 /* tiny_obj_loader.cc in Sources */ = {isa = PBXBuildFile; fileRef = 507CEE181BACC0D700D644F7 /* tiny_obj_loader.cc */; };
		507CEE201BAD71AC00D644F7 /* libGLEW.1.12.0.dylib in Frameworks */ = {isa = PBXBuildFile; fileRef = 507CEE1F1BAD71AC00D644F7 /* libGLEW.1.12.0.dylib */; };
		507CEE231BAEC7C900D644F7 /* GLHelper.cpp in Sources */ = {isa = PBXBuildFile; fileRef = 507CEE211BAEC7C900D644F7 /* GLHelper.cpp */; };
		50A75CC31BB345D100723F4D /* MeshFactory.cpp in Sources */ = {isa = PBXBuildFile; fileRef = 50A75CC11BB345D100723F4D /* MeshFactory.cpp */; };
		50F975341BDAC6BE002DC643 /* libglfw3.3.1.dylib in Frameworks */ = {isa = PBXBuildFile; fileRef = 50F975331BDAC6BE002DC643 /* libglfw3.3.1.dylib */; };
/* End PBXBuildFile section */

/* Begin PBXCopyFilesBuildPhase section */
		507CEDEA1BAC970C00D644F7 /* CopyFiles */ = {
			isa = PBXCopyFilesBuildPhase;
			buildActionMask = 2147483647;
			dstPath = /usr/share/man/man1/;
			dstSubfolderSpec = 0;
			files = (
			);
			runOnlyForDeploymentPostprocessing = 1;
		};
/* End PBXCopyFilesBuildPhase section */

/* Begin PBXFileReference section */
		5035DDCC1C32075000850EEB /* Camera.cpp */ = {isa = PBXFileReference; fileEncoding = 4; lastKnownFileType = sourcecode.cpp.cpp; name = Camera.cpp; path = Graphics/Camera.cpp; sourceTree = "<group>"; };
		5035DDCD1C32075000850EEB /* Camera.hpp */ = {isa = PBXFileReference; fileEncoding = 4; lastKnownFileType = sourcecode.cpp.h; name = Camera.hpp; path = Graphics/Camera.hpp; sourceTree = "<group>"; };
		5035DDD01C32276300850EEB /* Geometry.cpp */ = {isa = PBXFileReference; fileEncoding = 4; lastKnownFileType = sourcecode.cpp.cpp; name = Geometry.cpp; path = Math/Geometry.cpp; sourceTree = "<group>"; };
		5035DDD11C32276300850EEB /* Geometry.hpp */ = {isa = PBXFileReference; fileEncoding = 4; lastKnownFileType = sourcecode.cpp.h; name = Geometry.hpp; path = Math/Geometry.hpp; sourceTree = "<group>"; };
		5035DDD41C32AAD500850EEB /* diffuse.vert */ = {isa = PBXFileReference; fileEncoding = 4; lastKnownFileType = sourcecode.glsl; name = diffuse.vert; path = Graphics/shaders/diffuse.vert; sourceTree = "<group>"; };
		5035DDD51C32AAD500850EEB /* diffuse.frag */ = {isa = PBXFileReference; fileEncoding = 4; lastKnownFileType = sourcecode.glsl; name = diffuse.frag; path = Graphics/shaders/diffuse.frag; sourceTree = "<group>"; };
		5035DDD61C32C4AD00850EEB /* MathHelpers.h */ = {isa = PBXFileReference; lastKnownFileType = sourcecode.c.h; name = MathHelpers.h; path = Math/MathHelpers.h; sourceTree = "<group>"; };
		507CEDEC1BAC970C00D644F7 /* NothingSpecial */ = {isa = PBXFileReference; explicitFileType = "compiled.mach-o.executable"; includeInIndex = 0; path = NothingSpecial; sourceTree = BUILT_PRODUCTS_DIR; };
		507CEDEF1BAC970C00D644F7 /* main.cpp */ = {isa = PBXFileReference; lastKnownFileType = sourcecode.cpp.cpp; path = main.cpp; sourceTree = "<group>"; };
		507CEDF81BAC987700D644F7 /* OpenGL.framework */ = {isa = PBXFileReference; lastKnownFileType = wrapper.framework; name = OpenGL.framework; path = System/Library/Frameworks/OpenGL.framework; sourceTree = SDKROOT; };
		507CEDFA1BAC987F00D644F7 /* OpenCL.framework */ = {isa = PBXFileReference; lastKnownFileType = wrapper.framework; name = OpenCL.framework; path = System/Library/Frameworks/OpenCL.framework; sourceTree = SDKROOT; };
		507CEDFC1BAC9AAB00D644F7 /* Window.cpp */ = {isa = PBXFileReference; fileEncoding = 4; lastKnownFileType = sourcecode.cpp.cpp; path = Window.cpp; sourceTree = "<group>"; };
		507CEDFD1BAC9AAB00D644F7 /* Window.hpp */ = {isa = PBXFileReference; fileEncoding = 4; lastKnownFileType = sourcecode.cpp.h; path = Window.hpp; sourceTree = "<group>"; };
		507CEE031BACA57500D644F7 /* GLWrapper.cpp */ = {isa = PBXFileReference; fileEncoding = 4; lastKnownFileType = sourcecode.cpp.cpp; name = GLWrapper.cpp; path = Graphics/GLWrapper.cpp; sourceTree = "<group>"; };
		507CEE041BACA57500D644F7 /* GLWrapper.hpp */ = {isa = PBXFileReference; fileEncoding = 4; lastKnownFileType = sourcecode.cpp.h; name = GLWrapper.hpp; path = Graphics/GLWrapper.hpp; sourceTree = "<group>"; };
		507CEE061BACA6B300D644F7 /* Shader.cpp */ = {isa = PBXFileReference; fileEncoding = 4; lastKnownFileType = sourcecode.cpp.cpp; name = Shader.cpp; path = Graphics/Shader.cpp; sourceTree = "<group>"; };
		507CEE071BACA6B300D644F7 /* Shader.hpp */ = {isa = PBXFileReference; fileEncoding = 4; lastKnownFileType = sourcecode.cpp.h; name = Shader.hpp; path = Graphics/Shader.hpp; sourceTree = "<group>"; };
		507CEE0C1BACB36D00D644F7 /* Scene.cpp */ = {isa = PBXFileReference; fileEncoding = 4; lastKnownFileType = sourcecode.cpp.cpp; path = Scene.cpp; sourceTree = "<group>"; };
		507CEE0D1BACB36D00D644F7 /* Scene.hpp */ = {isa = PBXFileReference; fileEncoding = 4; lastKnownFileType = sourcecode.cpp.h; path = Scene.hpp; sourceTree = "<group>"; };
		507CEE0F1BACB39500D644F7 /* Mesh.cpp */ = {isa = PBXFileReference; fileEncoding = 4; lastKnownFileType = sourcecode.cpp.cpp; name = Mesh.cpp; path = Graphics/Mesh.cpp; sourceTree = "<group>"; };
		507CEE101BACB39500D644F7 /* Mesh.hpp */ = {isa = PBXFileReference; fileEncoding = 4; lastKnownFileType = sourcecode.cpp.h; name = Mesh.hpp; path = Graphics/Mesh.hpp; sourceTree = "<group>"; };
		507CEE121BACB7B900D644F7 /* base.hpp */ = {isa = PBXFileReference; lastKnownFileType = sourcecode.cpp.h; path = base.hpp; sourceTree = "<group>"; };
		507CEE131BACB9E700D644F7 /* RenderableObject.cpp */ = {isa = PBXFileReference; fileEncoding = 4; lastKnownFileType = sourcecode.cpp.cpp; name = RenderableObject.cpp; path = Graphics/RenderableObject.cpp; sourceTree = "<group>"; };
		507CEE141BACB9E700D644F7 /* RenderableObject.hpp */ = {isa = PBXFileReference; fileEncoding = 4; lastKnownFileType = sourcecode.cpp.h; name = RenderableObject.hpp; path = Graphics/RenderableObject.hpp; sourceTree = "<group>"; };
		507CEE181BACC0D700D644F7 /* tiny_obj_loader.cc */ = {isa = PBXFileReference; fileEncoding = 4; lastKnownFileType = sourcecode.cpp.cpp; name = tiny_obj_loader.cc; path = external/tinyobjloader/tiny_obj_loader.cc; sourceTree = "<group>"; };
		507CEE191BACC0D700D644F7 /* tiny_obj_loader.h */ = {isa = PBXFileReference; fileEncoding = 4; lastKnownFileType = sourcecode.c.h; name = tiny_obj_loader.h; path = external/tinyobjloader/tiny_obj_loader.h; sourceTree = "<group>"; };
		507CEE1E1BACC2E300D644F7 /* GraphicsException.hpp */ = {isa = PBXFileReference; lastKnownFileType = sourcecode.cpp.h; name = GraphicsException.hpp; path = Graphics/GraphicsException.hpp; sourceTree = "<group>"; };
		507CEE1F1BAD71AC00D644F7 /* libGLEW.1.12.0.dylib */ = {isa = PBXFileReference; lastKnownFileType = "compiled.mach-o.dylib"; name = libGLEW.1.12.0.dylib; path = ../../../../usr/local/Cellar/glew/1.12.0/lib/libGLEW.1.12.0.dylib; sourceTree = "<group>"; };
		507CEE211BAEC7C900D644F7 /* GLHelper.cpp */ = {isa = PBXFileReference; fileEncoding = 4; lastKnownFileType = sourcecode.cpp.cpp; name = GLHelper.cpp; path = Graphics/GLHelper.cpp; sourceTree = "<group>"; };
		507CEE221BAEC7C900D644F7 /* GLHelper.hpp */ = {isa = PBXFileReference; fileEncoding = 4; lastKnownFileType = sourcecode.cpp.h; name = GLHelper.hpp; path = Graphics/GLHelper.hpp; sourceTree = "<group>"; };
		508586B61BAF34200034647B /* VertexBuffer.hpp */ = {isa = PBXFileReference; fileEncoding = 4; lastKnownFileType = sourcecode.cpp.h; name = VertexBuffer.hpp; path = Graphics/VertexBuffer.hpp; sourceTree = "<group>"; };
		50A75CBF1BB3408A00723F4D /* simple.frag */ = {isa = PBXFileReference; fileEncoding = 4; lastKnownFileType = sourcecode.glsl; name = simple.frag; path = Graphics/shaders/simple.frag; sourceTree = "<group>"; };
		50A75CC01BB3408A00723F4D /* simple.vert */ = {isa = PBXFileReference; fileEncoding = 4; lastKnownFileType = sourcecode.glsl; name = simple.vert; path = Graphics/shaders/simple.vert; sourceTree = "<group>"; };
		50A75CC11BB345D100723F4D /* MeshFactory.cpp */ = {isa = PBXFileReference; fileEncoding = 4; lastKnownFileType = sourcecode.cpp.cpp; name = MeshFactory.cpp; path = Graphics/MeshFactory.cpp; sourceTree = "<group>"; };
		50A75CC21BB345D100723F4D /* MeshFactory.h */ = {isa = PBXFileReference; fileEncoding = 4; lastKnownFileType = sourcecode.c.h; name = MeshFactory.h; path = Graphics/MeshFactory.h; sourceTree = "<group>"; };
		50F975331BDAC6BE002DC643 /* libglfw3.3.1.dylib */ = {isa = PBXFileReference; lastKnownFileType = "compiled.mach-o.dylib"; name = libglfw3.3.1.dylib; path = ../../../../usr/local/Cellar/glfw3/3.1.2/lib/libglfw3.3.1.dylib; sourceTree = "<group>"; };
/* End PBXFileReference section */

/* Begin PBXFrameworksBuildPhase section */
		507CEDE91BAC970C00D644F7 /* Frameworks */ = {
			isa = PBXFrameworksBuildPhase;
			buildActionMask = 2147483647;
			files = (
				50F975341BDAC6BE002DC643 /* libglfw3.3.1.dylib in Frameworks */,
				507CEE201BAD71AC00D644F7 /* libGLEW.1.12.0.dylib in Frameworks */,
				507CEDFB1BAC987F00D644F7 /* OpenCL.framework in Frameworks */,
				507CEDF91BAC987700D644F7 /* OpenGL.framework in Frameworks */,
			);
			runOnlyForDeploymentPostprocessing = 0;
		};
/* End PBXFrameworksBuildPhase section */

/* Begin PBXGroup section */
		5035DDCF1C32274900850EEB /* Math */ = {
			isa = PBXGroup;
			children = (
				5035DDD01C32276300850EEB /* Geometry.cpp */,
				5035DDD11C32276300850EEB /* Geometry.hpp */,
				5035DDD61C32C4AD00850EEB /* MathHelpers.h */,
			);
			name = Math;
			sourceTree = "<group>";
		};
		507CEDE31BAC970C00D644F7 = {
			isa = PBXGroup;
			children = (
				50F975331BDAC6BE002DC643 /* libglfw3.3.1.dylib */,
				507CEE1F1BAD71AC00D644F7 /* libGLEW.1.12.0.dylib */,
				507CEDFA1BAC987F00D644F7 /* OpenCL.framework */,
				507CEDF81BAC987700D644F7 /* OpenGL.framework */,
				507CEDEE1BAC970C00D644F7 /* NothingSpecial */,
				507CEDED1BAC970C00D644F7 /* Products */,
			);
			sourceTree = "<group>";
		};
		507CEDED1BAC970C00D644F7 /* Products */ = {
			isa = PBXGroup;
			children = (
				507CEDEC1BAC970C00D644F7 /* NothingSpecial */,
			);
			name = Products;
			sourceTree = "<group>";
		};
		507CEDEE1BAC970C00D644F7 /* NothingSpecial */ = {
			isa = PBXGroup;
			children = (
				5035DDCF1C32274900850EEB /* Math */,
				507CEE161BACC0B300D644F7 /* external */,
				507CEE021BACA52900D644F7 /* Graphics */,
				507CEE121BACB7B900D644F7 /* base.hpp */,
				507CEDEF1BAC970C00D644F7 /* main.cpp */,
				507CEE0C1BACB36D00D644F7 /* Scene.cpp */,
				507CEE0D1BACB36D00D644F7 /* Scene.hpp */,
				507CEDFC1BAC9AAB00D644F7 /* Window.cpp */,
				507CEDFD1BAC9AAB00D644F7 /* Window.hpp */,
			);
			path = NothingSpecial;
			sourceTree = "<group>";
		};
		507CEE021BACA52900D644F7 /* Graphics */ = {
			isa = PBXGroup;
			children = (
				50A75CBE1BB3406D00723F4D /* shaders */,
				507CEE031BACA57500D644F7 /* GLWrapper.cpp */,
				507CEE041BACA57500D644F7 /* GLWrapper.hpp */,
				507CEE211BAEC7C900D644F7 /* GLHelper.cpp */,
				507CEE221BAEC7C900D644F7 /* GLHelper.hpp */,
				507CEE061BACA6B300D644F7 /* Shader.cpp */,
				507CEE071BACA6B300D644F7 /* Shader.hpp */,
				507CEE0F1BACB39500D644F7 /* Mesh.cpp */,
				507CEE101BACB39500D644F7 /* Mesh.hpp */,
				507CEE131BACB9E700D644F7 /* RenderableObject.cpp */,
				507CEE141BACB9E700D644F7 /* RenderableObject.hpp */,
				507CEE1E1BACC2E300D644F7 /* GraphicsException.hpp */,
				508586B61BAF34200034647B /* VertexBuffer.hpp */,
				50A75CC11BB345D100723F4D /* MeshFactory.cpp */,
				50A75CC21BB345D100723F4D /* MeshFactory.h */,
				5035DDCC1C32075000850EEB /* Camera.cpp */,
				5035DDCD1C32075000850EEB /* Camera.hpp */,
			);
			name = Graphics;
			sourceTree = "<group>";
		};
		507CEE161BACC0B300D644F7 /* external */ = {
			isa = PBXGroup;
			children = (
				507CEE171BACC0BF00D644F7 /* tinyobjloader */,
			);
			name = external;
			sourceTree = "<group>";
		};
		507CEE171BACC0BF00D644F7 /* tinyobjloader */ = {
			isa = PBXGroup;
			children = (
				507CEE181BACC0D700D644F7 /* tiny_obj_loader.cc */,
				507CEE191BACC0D700D644F7 /* tiny_obj_loader.h */,
			);
			name = tinyobjloader;
			sourceTree = "<group>";
		};
		50A75CBE1BB3406D00723F4D /* shaders */ = {
			isa = PBXGroup;
			children = (
				5035DDD41C32AAD500850EEB /* diffuse.vert */,
				5035DDD51C32AAD500850EEB /* diffuse.frag */,
				50A75CBF1BB3408A00723F4D /* simple.frag */,
				50A75CC01BB3408A00723F4D /* simple.vert */,
			);
			name = shaders;
			sourceTree = "<group>";
		};
/* End PBXGroup section */

/* Begin PBXNativeTarget section */
		507CEDEB1BAC970C00D644F7 /* NothingSpecial */ = {
			isa = PBXNativeTarget;
			buildConfigurationList = 507CEDF31BAC970C00D644F7 /* Build configuration list for PBXNativeTarget "NothingSpecial" */;
			buildPhases = (
				507CEDE81BAC970C00D644F7 /* Sources */,
				507CEDE91BAC970C00D644F7 /* Frameworks */,
				507CEDEA1BAC970C00D644F7 /* CopyFiles */,
			);
			buildRules = (
			);
			dependencies = (
			);
			name = NothingSpecial;
			productName = NothingSpecial;
			productReference = 507CEDEC1BAC970C00D644F7 /* NothingSpecial */;
			productType = "com.apple.product-type.tool";
		};
/* End PBXNativeTarget section */

/* Begin PBXProject section */
		507CEDE41BAC970C00D644F7 /* Project object */ = {
			isa = PBXProject;
			attributes = {
				LastUpgradeCheck = 0700;
				ORGANIZATIONNAME = "Pascal Spörri";
				TargetAttributes = {
					507CEDEB1BAC970C00D644F7 = {
						CreatedOnToolsVersion = 7.0;
					};
				};
			};
			buildConfigurationList = 507CEDE71BAC970C00D644F7 /* Build configuration list for PBXProject "NothingSpecial" */;
			compatibilityVersion = "Xcode 3.2";
			developmentRegion = English;
			hasScannedForEncodings = 0;
			knownRegions = (
				en,
			);
			mainGroup = 507CEDE31BAC970C00D644F7;
			productRefGroup = 507CEDED1BAC970C00D644F7 /* Products */;
			projectDirPath = "";
			projectRoot = "";
			targets = (
				507CEDEB1BAC970C00D644F7 /* NothingSpecial */,
			);
		};
/* End PBXProject section */

/* Begin PBXSourcesBuildPhase section */
		507CEDE81BAC970C00D644F7 /* Sources */ = {
			isa = PBXSourcesBuildPhase;
			buildActionMask = 2147483647;
			files = (
				507CEE151BACB9E700D644F7 /* RenderableObject.cpp in Sources */,
				5035DDD21C32276300850EEB /* Geometry.cpp in Sources */,
				507CEE0E1BACB36D00D644F7 /* Scene.cpp in Sources */,
				507CEE051BACA57500D644F7 /* GLWrapper.cpp in Sources */,
				507CEDF01BAC970C00D644F7 /* main.cpp in Sources */,
				5035DDCE1C32075000850EEB /* Camera.cpp in Sources */,
				50A75CC31BB345D100723F4D /* MeshFactory.cpp in Sources */,
				507CEE111BACB39500D644F7 /* Mesh.cpp in Sources */,
				507CEE1A1BACC0D700D644F7 /* tiny_obj_loader.cc in Sources */,
				507CEE081BACA6B300D644F7 /* Shader.cpp in Sources */,
				507CEE231BAEC7C900D644F7 /* GLHelper.cpp in Sources */,
				507CEDFE1BAC9AAB00D644F7 /* Window.cpp in Sources */,
			);
			runOnlyForDeploymentPostprocessing = 0;
		};
/* End PBXSourcesBuildPhase section */

/* Begin XCBuildConfiguration section */
		507CEDF11BAC970C00D644F7 /* Debug */ = {
			isa = XCBuildConfiguration;
			buildSettings = {
				ALWAYS_SEARCH_USER_PATHS = NO;
				CLANG_CXX_LANGUAGE_STANDARD = "gnu++0x";
				CLANG_CXX_LIBRARY = "libc++";
				CLANG_ENABLE_MODULES = YES;
				CLANG_ENABLE_OBJC_ARC = YES;
				CLANG_WARN_BOOL_CONVERSION = YES;
				CLANG_WARN_CONSTANT_CONVERSION = YES;
				CLANG_WARN_DIRECT_OBJC_ISA_USAGE = YES_ERROR;
				CLANG_WARN_EMPTY_BODY = YES;
				CLANG_WARN_ENUM_CONVERSION = YES;
				CLANG_WARN_INT_CONVERSION = YES;
				CLANG_WARN_OBJC_ROOT_CLASS = YES_ERROR;
				CLANG_WARN_UNREACHABLE_CODE = YES;
				CLANG_WARN__DUPLICATE_METHOD_MATCH = YES;
				COPY_PHASE_STRIP = NO;
				DEBUG_INFORMATION_FORMAT = dwarf;
				ENABLE_STRICT_OBJC_MSGSEND = YES;
				ENABLE_TESTABILITY = YES;
				GCC_C_LANGUAGE_STANDARD = gnu99;
				GCC_DYNAMIC_NO_PIC = NO;
				GCC_NO_COMMON_BLOCKS = YES;
				GCC_OPTIMIZATION_LEVEL = 0;
				GCC_PREPROCESSOR_DEFINITIONS = (
					"DEBUG=1",
					"$(inherited)",
				);
				GCC_WARN_64_TO_32_BIT_CONVERSION = YES;
				GCC_WARN_ABOUT_RETURN_TYPE = YES_ERROR;
				GCC_WARN_UNDECLARED_SELECTOR = YES;
				GCC_WARN_UNINITIALIZED_AUTOS = YES_AGGRESSIVE;
				GCC_WARN_UNUSED_FUNCTION = YES;
				GCC_WARN_UNUSED_VARIABLE = YES;
				MACOSX_DEPLOYMENT_TARGET = 10.10;
				MTL_ENABLE_DEBUG_INFO = YES;
				ONLY_ACTIVE_ARCH = YES;
				SDKROOT = macosx;
			};
			name = Debug;
		};
		507CEDF21BAC970C00D644F7 /* Release */ = {
			isa = XCBuildConfiguration;
			buildSettings = {
				ALWAYS_SEARCH_USER_PATHS = NO;
				CLANG_CXX_LANGUAGE_STANDARD = "gnu++0x";
				CLANG_CXX_LIBRARY = "libc++";
				CLANG_ENABLE_MODULES = YES;
				CLANG_ENABLE_OBJC_ARC = YES;
				CLANG_WARN_BOOL_CONVERSION = YES;
				CLANG_WARN_CONSTANT_CONVERSION = YES;
				CLANG_WARN_DIRECT_OBJC_ISA_USAGE = YES_ERROR;
				CLANG_WARN_EMPTY_BODY = YES;
				CLANG_WARN_ENUM_CONVERSION = YES;
				CLANG_WARN_INT_CONVERSION = YES;
				CLANG_WARN_OBJC_ROOT_CLASS = YES_ERROR;
				CLANG_WARN_UNREACHABLE_CODE = YES;
				CLANG_WARN__DUPLICATE_METHOD_MATCH = YES;
				COPY_PHASE_STRIP = NO;
				DEBUG_INFORMATION_FORMAT = "dwarf-with-dsym";
				ENABLE_NS_ASSERTIONS = NO;
				ENABLE_STRICT_OBJC_MSGSEND = YES;
				GCC_C_LANGUAGE_STANDARD = gnu99;
				GCC_NO_COMMON_BLOCKS = YES;
				GCC_WARN_64_TO_32_BIT_CONVERSION = YES;
				GCC_WARN_ABOUT_RETURN_TYPE = YES_ERROR;
				GCC_WARN_UNDECLARED_SELECTOR = YES;
				GCC_WARN_UNINITIALIZED_AUTOS = YES_AGGRESSIVE;
				GCC_WARN_UNUSED_FUNCTION = YES;
				GCC_WARN_UNUSED_VARIABLE = YES;
				MACOSX_DEPLOYMENT_TARGET = 10.10;
				MTL_ENABLE_DEBUG_INFO = NO;
				SDKROOT = macosx;
			};
			name = Release;
		};
		507CEDF41BAC970C00D644F7 /* Debug */ = {
			isa = XCBuildConfiguration;
			buildSettings = {
				HEADER_SEARCH_PATHS = /usr/local/include;
				LIBRARY_SEARCH_PATHS = (
					"$(inherited)",
					/usr/local/Cellar/glfw3/3.1.1/lib,
					/usr/local/Cellar/glew/1.12.0/lib,
					/usr/local/Cellar/glfw3/3.1.2/lib,
				);
				PRODUCT_NAME = "$(TARGET_NAME)";
			};
			name = Debug;
		};
		507CEDF51BAC970C00D644F7 /* Release */ = {
			isa = XCBuildConfiguration;
			buildSettings = {
				HEADER_SEARCH_PATHS = /usr/local/include;
				LIBRARY_SEARCH_PATHS = (
					"$(inherited)",
					/usr/local/Cellar/glfw3/3.1.1/lib,
					/usr/local/Cellar/glew/1.12.0/lib,
					/usr/local/Cellar/glfw3/3.1.2/lib,
				);
				PRODUCT_NAME = "$(TARGET_NAME)";
			};
			name = Release;
		};
/* End XCBuildConfiguration section */

/* Begin XCConfigurationList section */
		507CEDE71BAC970C00D644F7 /* Build configuration list for PBXProject "NothingSpecial" */ = {
			isa = XCConfigurationList;
			buildConfigurations = (
				507CEDF11BAC970C00D644F7 /* Debug */,
				507CEDF21BAC970C00D644F7 /* Release */,
			);
			defaultConfigurationIsVisible = 0;
			defaultConfigurationName = Release;
		};
		507CEDF31BAC970C00D644F7 /* Build configuration list for PBXNativeTarget "NothingSpecial" */ = {
			isa = XCConfigurationList;
			buildConfigurations = (
				507CEDF41BAC970C00D644F7 /* Debug */,
				507CEDF51BAC970C00D644F7 /* Release */,
			);
			defaultConfigurationIsVisible = 0;
			defaultConfigurationName = Release;
		};
/* End XCConfigurationList section */
	};
	rootObject = 507CEDE41BAC970C00D644F7 /* Project object */;
}
